
Microsoft Visual Studio Solution File, Format Version 12.00
# Visual Studio Version 17
VisualStudioVersion = 17.14.36811.4 d17.14
MinimumVisualStudioVersion = 10.0.40219.1
Project("{FAE04EC0-301F-11D3-BF4B-00C04F79EFBC}") = "PathfindingVisualizer", "PathfindingVisualizer\PathfindingVisualizer\PathfindingVisualizer.csproj", "{14D83165-7B5C-4969-8BB6-D0A490B622EF}"
EndProject
Project("{FAE04EC0-301F-11D3-BF4B-00C04F79EFBC}") = "PathfindingVisualizer.Client", "PathfindingVisualizer\PathfindingVisualizer.Client\PathfindingVisualizer.Client.csproj", "{22FEAB98-3889-4B4B-BB4D-9EAA4BFB7196}"
EndProject
Global
	GlobalSection(SolutionConfigurationPlatforms) = preSolution
		Debug|Any CPU = Debug|Any CPU
		Release|Any CPU = Release|Any CPU
	EndGlobalSection
	GlobalSection(ProjectConfigurationPlatforms) = postSolution
		{14D83165-7B5C-4969-8BB6-D0A490B622EF}.Debug|Any CPU.ActiveCfg = Debug|Any CPU
		{14D83165-7B5C-4969-8BB6-D0A490B622EF}.Debug|Any CPU.Build.0 = Debug|Any CPU
		{14D83165-7B5C-4969-8BB6-D0A490B622EF}.Release|Any CPU.ActiveCfg = Release|Any CPU
		{14D83165-7B5C-4969-8BB6-D0A490B622EF}.Release|Any CPU.Build.0 = Release|Any CPU
		{22FEAB98-3889-4B4B-BB4D-9EAA4BFB7196}.Debug|Any CPU.ActiveCfg = Debug|Any CPU
		{22FEAB98-3889-4B4B-BB4D-9EAA4BFB7196}.Debug|Any CPU.Build.0 = Debug|Any CPU
		{22FEAB98-3889-4B4B-BB4D-9EAA4BFB7196}.Release|Any CPU.ActiveCfg = Release|Any CPU
		{22FEAB98-3889-4B4B-BB4D-9EAA4BFB7196}.Release|Any CPU.Build.0 = Release|Any CPU
	EndGlobalSection
	GlobalSection(SolutionProperties) = preSolution
		HideSolutionNode = FALSE
	EndGlobalSection
	GlobalSection(ExtensibilityGlobals) = postSolution
		SolutionGuid = {54F50595-C18B-46B5-9BB5-224104BA531B}
	EndGlobalSection
EndGlobal
